{
				"name": "uniCloud-admin",
				"version": "1.4.2",
				"lockfileVersion": 1,
				"requires": true,
				"dependencies": {
								"downloadjs": {
												"version": "1.4.7",
												"resolved": "https://registry.npmjs.org/downloadjs/-/downloadjs-1.4.7.tgz",
												"integrity": "sha1-9p+W+UDg0FU9rCkROYZaPNAQHjw="
								},
								"vue-json-excel": {
												"version": "0.3.0",
												"resolved": "https://registry.npmjs.org/vue-json-excel/-/vue-json-excel-0.3.0.tgz",
												"integrity": "sha512-FrSh0tVUpw4K+ilLO8g0Qp52eFJw/hkk3rZPTEKo9qVkJgVfQtZwzj3UWc5ACYxA3jLk9HtjK+f9xKHCN4Kgag==",
												"requires": {
																"downloadjs": "^1.4.7"
												}
								}
				}
}
