{
	"name": "uni-stat-cron",
	"version": "1.0.0",
	"lockfileVersion": 1,
	"requires": true,
	"dependencies": {
		"uni-stat": {
			"version": "file:../common/uni-stat",
			"requires": {
				"uni-config-center": "file:../../../../uni-config-center/uniCloud/cloudfunctions/common/uni-config-center"
			},
			"dependencies": {
				"uni-config-center": {
					"version": "file:../../../../uni-config-center/uniCloud/cloudfunctions/common/uni-config-center"
				}
			}
		}
	}
}
