{
  "name": "uni-id-co",
  "version": "1.0.0",
  "lockfileVersion": 2,
  "requires": true,
  "packages": {
    "": {
      "name": "uni-id-co",
      "version": "1.0.0",
      "dependencies": {
        "jsonwebtoken": "8.5.1",
        "uni-captcha": "file:../../../../uni-captcha/uniCloud/cloudfunctions/common/uni-captcha",
        "uni-config-center": "file:../../../../uni-config-center/uniCloud/cloudfunctions/common/uni-config-center",
        "uni-id-common": "file:../../../../uni-id-common/uniCloud/cloudfunctions/common/uni-id-common"
      }
    },
    "../../../../uni-captcha/uniCloud/cloudfunctions/common/uni-captcha": {
      "version": "0.2.2",
      "license": "Apache-2.0",
      "dependencies": {
        "uni-config-center": "file:../../../../../uni-config-center/uniCloud/cloudfunctions/common/uni-config-center"
      }
    },
    "../../../../uni-config-center/uniCloud/cloudfunctions/common/uni-config-center": {
      "version": "0.0.2",
      "license": "Apache-2.0"
    },
    "../../../../uni-id-common/uniCloud/cloudfunctions/common/uni-id-common": {
      "version": "1.0.0",
      "license": "Apache-2.0",
      "dependencies": {
        "uni-config-center": "file:../../../../../uni-config-center/uniCloud/cloudfunctions/common/uni-config-center"
      }
    },
    "../../../../uni-id/uniCloud/cloudfunctions/common/uni-id": {
      "version": "4.0.0",
      "extraneous": true,
      "license": "Apache-2.0",
      "dependencies": {
        "uni-config-center": "file:../../../../../uni-config-center/uniCloud/cloudfunctions/common/uni-config-center"
      }
    },
    "node_modules/buffer-equal-constant-time": {
      "version": "1.0.1",
      "license": "BSD-3-Clause"
    },
    "node_modules/ecdsa-sig-formatter": {
      "version": "1.0.11",
      "license": "Apache-2.0",
      "dependencies": {
        "safe-buffer": "^5.0.1"
      }
    },
    "node_modules/jsonwebtoken": {
      "version": "8.5.1",
      "license": "MIT",
      "dependencies": {
        "jws": "^3.2.2",
        "lodash.includes": "^4.3.0",
        "lodash.isboolean": "^3.0.3",
        "lodash.isinteger": "^4.0.4",
        "lodash.isnumber": "^3.0.3",
        "lodash.isplainobject": "^4.0.6",
        "lodash.isstring": "^4.0.1",
        "lodash.once": "^4.0.0",
        "ms": "^2.1.1",
        "semver": "^5.6.0"
      },
      "engines": {
        "node": ">=4",
        "npm": ">=1.4.28"
      }
    },
    "node_modules/jwa": {
      "version": "1.4.1",
      "license": "MIT",
      "dependencies": {
        "buffer-equal-constant-time": "1.0.1",
        "ecdsa-sig-formatter": "1.0.11",
        "safe-buffer": "^5.0.1"
      }
    },
    "node_modules/jws": {
      "version": "3.2.2",
      "license": "MIT",
      "dependencies": {
        "jwa": "^1.4.1",
        "safe-buffer": "^5.0.1"
      }
    },
    "node_modules/lodash.includes": {
      "version": "4.3.0",
      "license": "MIT"
    },
    "node_modules/lodash.isboolean": {
      "version": "3.0.3",
      "license": "MIT"
    },
    "node_modules/lodash.isinteger": {
      "version": "4.0.4",
      "license": "MIT"
    },
    "node_modules/lodash.isnumber": {
      "version": "3.0.3",
      "license": "MIT"
    },
    "node_modules/lodash.isplainobject": {
      "version": "4.0.6",
      "license": "MIT"
    },
    "node_modules/lodash.isstring": {
      "version": "4.0.1",
      "license": "MIT"
    },
    "node_modules/lodash.once": {
      "version": "4.1.1",
      "license": "MIT"
    },
    "node_modules/ms": {
      "version": "2.1.3",
      "license": "MIT"
    },
    "node_modules/safe-buffer": {
      "version": "5.2.1",
      "funding": [
        {
          "type": "github",
          "url": "https://github.com/sponsors/feross"
        },
        {
          "type": "patreon",
          "url": "https://www.patreon.com/feross"
        },
        {
          "type": "consulting",
          "url": "https://feross.org/support"
        }
      ],
      "license": "MIT"
    },
    "node_modules/semver": {
      "version": "5.7.1",
      "license": "ISC",
      "bin": {
        "semver": "bin/semver"
      }
    },
    "node_modules/uni-captcha": {
      "resolved": "../../../../uni-captcha/uniCloud/cloudfunctions/common/uni-captcha",
      "link": true
    },
    "node_modules/uni-config-center": {
      "resolved": "../../../../uni-config-center/uniCloud/cloudfunctions/common/uni-config-center",
      "link": true
    },
    "node_modules/uni-id-common": {
      "resolved": "../../../../uni-id-common/uniCloud/cloudfunctions/common/uni-id-common",
      "link": true
    }
  },
  "dependencies": {
    "buffer-equal-constant-time": {
      "version": "1.0.1"
    },
    "ecdsa-sig-formatter": {
      "version": "1.0.11",
      "requires": {
        "safe-buffer": "^5.0.1"
      }
    },
    "jsonwebtoken": {
      "version": "8.5.1",
      "requires": {
        "jws": "^3.2.2",
        "lodash.includes": "^4.3.0",
        "lodash.isboolean": "^3.0.3",
        "lodash.isinteger": "^4.0.4",
        "lodash.isnumber": "^3.0.3",
        "lodash.isplainobject": "^4.0.6",
        "lodash.isstring": "^4.0.1",
        "lodash.once": "^4.0.0",
        "ms": "^2.1.1",
        "semver": "^5.6.0"
      }
    },
    "jwa": {
      "version": "1.4.1",
      "requires": {
        "buffer-equal-constant-time": "1.0.1",
        "ecdsa-sig-formatter": "1.0.11",
        "safe-buffer": "^5.0.1"
      }
    },
    "jws": {
      "version": "3.2.2",
      "requires": {
        "jwa": "^1.4.1",
        "safe-buffer": "^5.0.1"
      }
    },
    "lodash.includes": {
      "version": "4.3.0"
    },
    "lodash.isboolean": {
      "version": "3.0.3"
    },
    "lodash.isinteger": {
      "version": "4.0.4"
    },
    "lodash.isnumber": {
      "version": "3.0.3"
    },
    "lodash.isplainobject": {
      "version": "4.0.6"
    },
    "lodash.isstring": {
      "version": "4.0.1"
    },
    "lodash.once": {
      "version": "4.1.1"
    },
    "ms": {
      "version": "2.1.3"
    },
    "safe-buffer": {
      "version": "5.2.1"
    },
    "semver": {
      "version": "5.7.1"
    },
    "uni-captcha": {
      "version": "file:../../../../uni-captcha/uniCloud/cloudfunctions/common/uni-captcha",
      "requires": {
        "uni-config-center": "file:../../../../../uni-config-center/uniCloud/cloudfunctions/common/uni-config-center"
      }
    },
    "uni-config-center": {
      "version": "file:../../../../uni-config-center/uniCloud/cloudfunctions/common/uni-config-center"
    },
    "uni-id-common": {
      "version": "file:../../../../uni-id-common/uniCloud/cloudfunctions/common/uni-id-common",
      "requires": {
        "uni-config-center": "file:../../../../../uni-config-center/uniCloud/cloudfunctions/common/uni-config-center"
      }
    }
  }
}
